
Microsoft Visual Studio Solution File, Format Version 12.00
# Visual Studio 15
VisualStudioVersion = 15.0.28306.52
MinimumVisualStudioVersion = 10.0.40219.1
Project("{FAE04EC0-301F-11D3-BF4B-00C04F79EFBC}") = "YK.Core", "00.Platform\YK.Core\YK.Core.csproj", "{79045B32-6AFF-4418-8236-EE89F0430CFD}"
EndProject
Project("{2150E333-8FDC-42A3-9474-1A3956D46DE8}") = "ClassLibary", "ClassLibary", "{5861DE73-5811-423E-950E-122B2F25E077}"
EndProject
Project("{FAE04EC0-301F-11D3-BF4B-00C04F79EFBC}") = "YK.Common", "YK.Common\YK.Common.csproj", "{CC8B3F91-F8EA-4C82-8126-37B230B91BBD}"
EndProject
Project("{FAE04EC0-301F-11D3-BF4B-00C04F79EFBC}") = "YK.Cache", "00.Platform\YK.Cache\YK.Cache.csproj", "{0BA1C14A-B63A-45BD-AFE7-CA35D52D801E}"
EndProject
Project("{FAE04EC0-301F-11D3-BF4B-00C04F79EFBC}") = "YK.Model", "YK.Model\YK.Model.csproj", "{E48E8E78-D351-46B5-BC48-C4C82D2CD998}"
EndProject
Project("{2150E333-8FDC-42A3-9474-1A3956D46DE8}") = "01.YK.Models", "01.YK.Models", "{4B5585B6-11DE-4638-85AF-DE97D4EB7C99}"
EndProject
Project("{2150E333-8FDC-42A3-9474-1A3956D46DE8}") = "02.YK.Interfaces", "02.YK.Interfaces", "{C37B9F9C-3817-4118-81A5-3AC124D37704}"
EndProject
Project("{2150E333-8FDC-42A3-9474-1A3956D46DE8}") = "03.YK.Services", "03.YK.Services", "{9D0FB86F-D1B2-4252-9F20-233853C8AE4C}"
EndProject
Project("{FAE04EC0-301F-11D3-BF4B-00C04F79EFBC}") = "YK.Models.Organizations", "01.YK.Models\YK.Models.Organization\YK.Models.Organizations.csproj", "{BBCB33C3-B583-4C7C-AA7B-D3F3ABF9304A}"
EndProject
Project("{FAE04EC0-301F-11D3-BF4B-00C04F79EFBC}") = "YK.Models.Systems", "01.YK.Models\YK.Models.Systems\YK.Models.Systems.csproj", "{3D988AF7-2E86-4AA0-9CB4-DFEC89548D9C}"
EndProject
Project("{FAE04EC0-301F-11D3-BF4B-00C04F79EFBC}") = "YK.Interfaces.Organizations", "02.YK.Interfaces\YK.Interface.Organization\YK.Interfaces.Organizations.csproj", "{AFA0EBEE-CC1B-402A-8357-17E9AC5D2385}"
EndProject
Project("{FAE04EC0-301F-11D3-BF4B-00C04F79EFBC}") = "YK.Interfaces.Systems", "02.YK.Interfaces\YK.Interface.Systems\YK.Interfaces.Systems.csproj", "{EDD94978-8A6A-448C-8384-28AEFAAE1AAB}"
EndProject
Project("{FAE04EC0-301F-11D3-BF4B-00C04F79EFBC}") = "YK.Services.Organizations", "03.YK.Services\YK.Services.Organizations\YK.Services.Organizations.csproj", "{FEDC7CCC-E2EB-437E-BC47-E7F58521654E}"
EndProject
Project("{FAE04EC0-301F-11D3-BF4B-00C04F79EFBC}") = "YK.Services.Systems", "03.YK.Services\YK.Services.Systems\YK.Services.Systems.csproj", "{DF799FC1-FA48-419B-8D43-CD016C4B9DF6}"
EndProject
Project("{2150E333-8FDC-42A3-9474-1A3956D46DE8}") = "Web", "Web", "{3BB7480A-5D26-4328-A5CC-21823BD49A00}"
EndProject
Project("{FAE04EC0-301F-11D3-BF4B-00C04F79EFBC}") = "Config", "Web\Config\Config.csproj", "{EB74C530-BA89-46F7-95E0-F595443651B0}"
EndProject
Project("{FAE04EC0-301F-11D3-BF4B-00C04F79EFBC}") = "Document", "Web\Document\Document.csproj", "{6C055924-05C5-4602-BD56-A95EB7B070EA}"
EndProject
Project("{E24C65DC-7377-472B-9ABA-BC803B73C61A}") = "Static", "Web\Static\", "{391FBB97-254F-4AB5-899E-695EB0C492E7}"
	ProjectSection(WebsiteProperties) = preProject
		TargetFrameworkMoniker = ".NETFramework,Version%3Dv4.0"
		ProjectReferences = "{cc8b3f91-f8ea-4c82-8126-37b230b91bbd}|YK.Common.dll;{79045B32-6AFF-4418-8236-EE89F0430CFD}|YK.Core.dll;{0BA1C14A-B63A-45BD-AFE7-CA35D52D801E}|YK.Cache.dll;{E48E8E78-D351-46B5-BC48-C4C82D2CD998}|YK.Model.dll;{665D0F17-1210-4DE1-90F4-091AA8E008B1}|YK.Unity.dll;"
		Debug.AspNetCompiler.VirtualPath = "/localhost_4653"
		Debug.AspNetCompiler.PhysicalPath = "Web\Static\"
		Debug.AspNetCompiler.TargetPath = "PrecompiledWeb\localhost_4653\"
		Debug.AspNetCompiler.Updateable = "true"
		Debug.AspNetCompiler.ForceOverwrite = "true"
		Debug.AspNetCompiler.FixedNames = "false"
		Debug.AspNetCompiler.Debug = "True"
		Release.AspNetCompiler.VirtualPath = "/localhost_4653"
		Release.AspNetCompiler.PhysicalPath = "Web\Static\"
		Release.AspNetCompiler.TargetPath = "PrecompiledWeb\localhost_4653\"
		Release.AspNetCompiler.Updateable = "true"
		Release.AspNetCompiler.ForceOverwrite = "true"
		Release.AspNetCompiler.FixedNames = "false"
		Release.AspNetCompiler.Debug = "False"
		VWDPort = "4653"
		SlnRelativePath = "Web\Static\"
	EndProjectSection
EndProject
Project("{FAE04EC0-301F-11D3-BF4B-00C04F79EFBC}") = "YK.Utility", "00.Platform\YK.Unity\YK.Utility.csproj", "{665D0F17-1210-4DE1-90F4-091AA8E008B1}"
EndProject
Project("{FAE04EC0-301F-11D3-BF4B-00C04F79EFBC}") = "AI", "AI\AI.csproj", "{A67A46AE-1DBA-41AF-9872-E36C1572C0AD}"
EndProject
Project("{2150E333-8FDC-42A3-9474-1A3956D46DE8}") = "00.Platform", "00.Platform", "{25C897E5-9195-4CDF-B70B-849EB8F28ED2}"
EndProject
Project("{2150E333-8FDC-42A3-9474-1A3956D46DE8}") = "99.组件库", "99.组件库", "{AD496C6D-951A-4C01-BD6D-557122490728}"
EndProject
Project("{FAE04EC0-301F-11D3-BF4B-00C04F79EFBC}") = "YK.Component", "99.组件库\YK.Component\YK.Component.csproj", "{5CE6DF60-62C8-447E-AE15-B6910C27D0E6}"
EndProject
Project("{FAE04EC0-301F-11D3-BF4B-00C04F79EFBC}") = "YK.Component.Attribute", "99.组件库\YK.Component.Attribute\YK.Component.Attribute.csproj", "{F1BD9626-A202-4E6E-9880-8AA5F4BCC0BD}"
EndProject
Project("{FAE04EC0-301F-11D3-BF4B-00C04F79EFBC}") = "YK.Component.Office", "99.组件库\YK.Component.Office\YK.Component.Office.csproj", "{FBC7F689-B9ED-45D1-A6B0-FCEF2BAB7B6C}"
EndProject
Project("{2150E333-8FDC-42A3-9474-1A3956D46DE8}") = "Console", "Console", "{4C3B50CF-4B70-4605-8C6A-C86179F7E93E}"
EndProject
Project("{FAE04EC0-301F-11D3-BF4B-00C04F79EFBC}") = "YK.Demo", "Console\YK.Demo\YK.Demo.csproj", "{EEF67E45-1EBE-4966-8A24-2B1B1B64DB82}"
EndProject
Global
	GlobalSection(SolutionConfigurationPlatforms) = preSolution
		Debug|Any CPU = Debug|Any CPU
		Release|Any CPU = Release|Any CPU
	EndGlobalSection
	GlobalSection(ProjectConfigurationPlatforms) = postSolution
		{79045B32-6AFF-4418-8236-EE89F0430CFD}.Debug|Any CPU.ActiveCfg = Debug|Any CPU
		{79045B32-6AFF-4418-8236-EE89F0430CFD}.Debug|Any CPU.Build.0 = Debug|Any CPU
		{79045B32-6AFF-4418-8236-EE89F0430CFD}.Release|Any CPU.ActiveCfg = Release|Any CPU
		{79045B32-6AFF-4418-8236-EE89F0430CFD}.Release|Any CPU.Build.0 = Release|Any CPU
		{CC8B3F91-F8EA-4C82-8126-37B230B91BBD}.Debug|Any CPU.ActiveCfg = Debug|Any CPU
		{CC8B3F91-F8EA-4C82-8126-37B230B91BBD}.Debug|Any CPU.Build.0 = Debug|Any CPU
		{CC8B3F91-F8EA-4C82-8126-37B230B91BBD}.Release|Any CPU.ActiveCfg = Release|Any CPU
		{CC8B3F91-F8EA-4C82-8126-37B230B91BBD}.Release|Any CPU.Build.0 = Release|Any CPU
		{0BA1C14A-B63A-45BD-AFE7-CA35D52D801E}.Debug|Any CPU.ActiveCfg = Debug|Any CPU
		{0BA1C14A-B63A-45BD-AFE7-CA35D52D801E}.Debug|Any CPU.Build.0 = Debug|Any CPU
		{0BA1C14A-B63A-45BD-AFE7-CA35D52D801E}.Release|Any CPU.ActiveCfg = Release|Any CPU
		{0BA1C14A-B63A-45BD-AFE7-CA35D52D801E}.Release|Any CPU.Build.0 = Release|Any CPU
		{E48E8E78-D351-46B5-BC48-C4C82D2CD998}.Debug|Any CPU.ActiveCfg = Debug|Any CPU
		{E48E8E78-D351-46B5-BC48-C4C82D2CD998}.Debug|Any CPU.Build.0 = Debug|Any CPU
		{E48E8E78-D351-46B5-BC48-C4C82D2CD998}.Release|Any CPU.ActiveCfg = Release|Any CPU
		{E48E8E78-D351-46B5-BC48-C4C82D2CD998}.Release|Any CPU.Build.0 = Release|Any CPU
		{BBCB33C3-B583-4C7C-AA7B-D3F3ABF9304A}.Debug|Any CPU.ActiveCfg = Debug|Any CPU
		{BBCB33C3-B583-4C7C-AA7B-D3F3ABF9304A}.Debug|Any CPU.Build.0 = Debug|Any CPU
		{BBCB33C3-B583-4C7C-AA7B-D3F3ABF9304A}.Release|Any CPU.ActiveCfg = Release|Any CPU
		{BBCB33C3-B583-4C7C-AA7B-D3F3ABF9304A}.Release|Any CPU.Build.0 = Release|Any CPU
		{3D988AF7-2E86-4AA0-9CB4-DFEC89548D9C}.Debug|Any CPU.ActiveCfg = Debug|Any CPU
		{3D988AF7-2E86-4AA0-9CB4-DFEC89548D9C}.Debug|Any CPU.Build.0 = Debug|Any CPU
		{3D988AF7-2E86-4AA0-9CB4-DFEC89548D9C}.Release|Any CPU.ActiveCfg = Release|Any CPU
		{3D988AF7-2E86-4AA0-9CB4-DFEC89548D9C}.Release|Any CPU.Build.0 = Release|Any CPU
		{AFA0EBEE-CC1B-402A-8357-17E9AC5D2385}.Debug|Any CPU.ActiveCfg = Debug|Any CPU
		{AFA0EBEE-CC1B-402A-8357-17E9AC5D2385}.Debug|Any CPU.Build.0 = Debug|Any CPU
		{AFA0EBEE-CC1B-402A-8357-17E9AC5D2385}.Release|Any CPU.ActiveCfg = Release|Any CPU
		{AFA0EBEE-CC1B-402A-8357-17E9AC5D2385}.Release|Any CPU.Build.0 = Release|Any CPU
		{EDD94978-8A6A-448C-8384-28AEFAAE1AAB}.Debug|Any CPU.ActiveCfg = Debug|Any CPU
		{EDD94978-8A6A-448C-8384-28AEFAAE1AAB}.Debug|Any CPU.Build.0 = Debug|Any CPU
		{EDD94978-8A6A-448C-8384-28AEFAAE1AAB}.Release|Any CPU.ActiveCfg = Release|Any CPU
		{EDD94978-8A6A-448C-8384-28AEFAAE1AAB}.Release|Any CPU.Build.0 = Release|Any CPU
		{FEDC7CCC-E2EB-437E-BC47-E7F58521654E}.Debug|Any CPU.ActiveCfg = Debug|Any CPU
		{FEDC7CCC-E2EB-437E-BC47-E7F58521654E}.Debug|Any CPU.Build.0 = Debug|Any CPU
		{FEDC7CCC-E2EB-437E-BC47-E7F58521654E}.Release|Any CPU.ActiveCfg = Release|Any CPU
		{FEDC7CCC-E2EB-437E-BC47-E7F58521654E}.Release|Any CPU.Build.0 = Release|Any CPU
		{DF799FC1-FA48-419B-8D43-CD016C4B9DF6}.Debug|Any CPU.ActiveCfg = Debug|Any CPU
		{DF799FC1-FA48-419B-8D43-CD016C4B9DF6}.Debug|Any CPU.Build.0 = Debug|Any CPU
		{DF799FC1-FA48-419B-8D43-CD016C4B9DF6}.Release|Any CPU.ActiveCfg = Release|Any CPU
		{DF799FC1-FA48-419B-8D43-CD016C4B9DF6}.Release|Any CPU.Build.0 = Release|Any CPU
		{EB74C530-BA89-46F7-95E0-F595443651B0}.Debug|Any CPU.ActiveCfg = Debug|Any CPU
		{EB74C530-BA89-46F7-95E0-F595443651B0}.Debug|Any CPU.Build.0 = Debug|Any CPU
		{EB74C530-BA89-46F7-95E0-F595443651B0}.Release|Any CPU.ActiveCfg = Release|Any CPU
		{EB74C530-BA89-46F7-95E0-F595443651B0}.Release|Any CPU.Build.0 = Release|Any CPU
		{6C055924-05C5-4602-BD56-A95EB7B070EA}.Debug|Any CPU.ActiveCfg = Debug|Any CPU
		{6C055924-05C5-4602-BD56-A95EB7B070EA}.Debug|Any CPU.Build.0 = Debug|Any CPU
		{6C055924-05C5-4602-BD56-A95EB7B070EA}.Release|Any CPU.ActiveCfg = Release|Any CPU
		{6C055924-05C5-4602-BD56-A95EB7B070EA}.Release|Any CPU.Build.0 = Release|Any CPU
		{391FBB97-254F-4AB5-899E-695EB0C492E7}.Debug|Any CPU.ActiveCfg = Debug|Any CPU
		{391FBB97-254F-4AB5-899E-695EB0C492E7}.Debug|Any CPU.Build.0 = Debug|Any CPU
		{391FBB97-254F-4AB5-899E-695EB0C492E7}.Release|Any CPU.ActiveCfg = Debug|Any CPU
		{391FBB97-254F-4AB5-899E-695EB0C492E7}.Release|Any CPU.Build.0 = Debug|Any CPU
		{665D0F17-1210-4DE1-90F4-091AA8E008B1}.Debug|Any CPU.ActiveCfg = Debug|Any CPU
		{665D0F17-1210-4DE1-90F4-091AA8E008B1}.Debug|Any CPU.Build.0 = Debug|Any CPU
		{665D0F17-1210-4DE1-90F4-091AA8E008B1}.Release|Any CPU.ActiveCfg = Release|Any CPU
		{665D0F17-1210-4DE1-90F4-091AA8E008B1}.Release|Any CPU.Build.0 = Release|Any CPU
		{A67A46AE-1DBA-41AF-9872-E36C1572C0AD}.Debug|Any CPU.ActiveCfg = Debug|Any CPU
		{A67A46AE-1DBA-41AF-9872-E36C1572C0AD}.Debug|Any CPU.Build.0 = Debug|Any CPU
		{A67A46AE-1DBA-41AF-9872-E36C1572C0AD}.Release|Any CPU.ActiveCfg = Release|Any CPU
		{A67A46AE-1DBA-41AF-9872-E36C1572C0AD}.Release|Any CPU.Build.0 = Release|Any CPU
		{5CE6DF60-62C8-447E-AE15-B6910C27D0E6}.Debug|Any CPU.ActiveCfg = Debug|Any CPU
		{5CE6DF60-62C8-447E-AE15-B6910C27D0E6}.Debug|Any CPU.Build.0 = Debug|Any CPU
		{5CE6DF60-62C8-447E-AE15-B6910C27D0E6}.Release|Any CPU.ActiveCfg = Release|Any CPU
		{5CE6DF60-62C8-447E-AE15-B6910C27D0E6}.Release|Any CPU.Build.0 = Release|Any CPU
		{F1BD9626-A202-4E6E-9880-8AA5F4BCC0BD}.Debug|Any CPU.ActiveCfg = Debug|Any CPU
		{F1BD9626-A202-4E6E-9880-8AA5F4BCC0BD}.Debug|Any CPU.Build.0 = Debug|Any CPU
		{F1BD9626-A202-4E6E-9880-8AA5F4BCC0BD}.Release|Any CPU.ActiveCfg = Release|Any CPU
		{F1BD9626-A202-4E6E-9880-8AA5F4BCC0BD}.Release|Any CPU.Build.0 = Release|Any CPU
		{FBC7F689-B9ED-45D1-A6B0-FCEF2BAB7B6C}.Debug|Any CPU.ActiveCfg = Debug|Any CPU
		{FBC7F689-B9ED-45D1-A6B0-FCEF2BAB7B6C}.Debug|Any CPU.Build.0 = Debug|Any CPU
		{FBC7F689-B9ED-45D1-A6B0-FCEF2BAB7B6C}.Release|Any CPU.ActiveCfg = Release|Any CPU
		{FBC7F689-B9ED-45D1-A6B0-FCEF2BAB7B6C}.Release|Any CPU.Build.0 = Release|Any CPU
		{EEF67E45-1EBE-4966-8A24-2B1B1B64DB82}.Debug|Any CPU.ActiveCfg = Debug|Any CPU
		{EEF67E45-1EBE-4966-8A24-2B1B1B64DB82}.Debug|Any CPU.Build.0 = Debug|Any CPU
		{EEF67E45-1EBE-4966-8A24-2B1B1B64DB82}.Release|Any CPU.ActiveCfg = Release|Any CPU
		{EEF67E45-1EBE-4966-8A24-2B1B1B64DB82}.Release|Any CPU.Build.0 = Release|Any CPU
	EndGlobalSection
	GlobalSection(SolutionProperties) = preSolution
		HideSolutionNode = FALSE
	EndGlobalSection
	GlobalSection(NestedProjects) = preSolution
		{79045B32-6AFF-4418-8236-EE89F0430CFD} = {25C897E5-9195-4CDF-B70B-849EB8F28ED2}
		{CC8B3F91-F8EA-4C82-8126-37B230B91BBD} = {5861DE73-5811-423E-950E-122B2F25E077}
		{0BA1C14A-B63A-45BD-AFE7-CA35D52D801E} = {25C897E5-9195-4CDF-B70B-849EB8F28ED2}
		{E48E8E78-D351-46B5-BC48-C4C82D2CD998} = {5861DE73-5811-423E-950E-122B2F25E077}
		{4B5585B6-11DE-4638-85AF-DE97D4EB7C99} = {5861DE73-5811-423E-950E-122B2F25E077}
		{C37B9F9C-3817-4118-81A5-3AC124D37704} = {5861DE73-5811-423E-950E-122B2F25E077}
		{9D0FB86F-D1B2-4252-9F20-233853C8AE4C} = {5861DE73-5811-423E-950E-122B2F25E077}
		{BBCB33C3-B583-4C7C-AA7B-D3F3ABF9304A} = {4B5585B6-11DE-4638-85AF-DE97D4EB7C99}
		{3D988AF7-2E86-4AA0-9CB4-DFEC89548D9C} = {4B5585B6-11DE-4638-85AF-DE97D4EB7C99}
		{AFA0EBEE-CC1B-402A-8357-17E9AC5D2385} = {C37B9F9C-3817-4118-81A5-3AC124D37704}
		{EDD94978-8A6A-448C-8384-28AEFAAE1AAB} = {C37B9F9C-3817-4118-81A5-3AC124D37704}
		{FEDC7CCC-E2EB-437E-BC47-E7F58521654E} = {9D0FB86F-D1B2-4252-9F20-233853C8AE4C}
		{DF799FC1-FA48-419B-8D43-CD016C4B9DF6} = {9D0FB86F-D1B2-4252-9F20-233853C8AE4C}
		{EB74C530-BA89-46F7-95E0-F595443651B0} = {3BB7480A-5D26-4328-A5CC-21823BD49A00}
		{6C055924-05C5-4602-BD56-A95EB7B070EA} = {3BB7480A-5D26-4328-A5CC-21823BD49A00}
		{391FBB97-254F-4AB5-899E-695EB0C492E7} = {3BB7480A-5D26-4328-A5CC-21823BD49A00}
		{665D0F17-1210-4DE1-90F4-091AA8E008B1} = {25C897E5-9195-4CDF-B70B-849EB8F28ED2}
		{A67A46AE-1DBA-41AF-9872-E36C1572C0AD} = {3BB7480A-5D26-4328-A5CC-21823BD49A00}
		{25C897E5-9195-4CDF-B70B-849EB8F28ED2} = {5861DE73-5811-423E-950E-122B2F25E077}
		{AD496C6D-951A-4C01-BD6D-557122490728} = {5861DE73-5811-423E-950E-122B2F25E077}
		{5CE6DF60-62C8-447E-AE15-B6910C27D0E6} = {AD496C6D-951A-4C01-BD6D-557122490728}
		{F1BD9626-A202-4E6E-9880-8AA5F4BCC0BD} = {AD496C6D-951A-4C01-BD6D-557122490728}
		{FBC7F689-B9ED-45D1-A6B0-FCEF2BAB7B6C} = {AD496C6D-951A-4C01-BD6D-557122490728}
		{EEF67E45-1EBE-4966-8A24-2B1B1B64DB82} = {4C3B50CF-4B70-4605-8C6A-C86179F7E93E}
	EndGlobalSection
	GlobalSection(ExtensibilityGlobals) = postSolution
		SolutionGuid = {4F9FCB70-2798-487D-A81D-F0035429EDD4}
	EndGlobalSection
	GlobalSection(SolutionConfiguration00.Platforms) = preSolution
		Debug|Any CPU = Debug|Any CPU
		Release|Any CPU = Release|Any CPU
	EndGlobalSection
	GlobalSection(ProjectConfiguration00.Platforms) = postSolution
		{79045B32-6AFF-4418-8236-EE89F0430CFD}.Debug|Any CPU.ActiveCfg = Debug|Any CPU
		{79045B32-6AFF-4418-8236-EE89F0430CFD}.Debug|Any CPU.Build.0 = Debug|Any CPU
		{79045B32-6AFF-4418-8236-EE89F0430CFD}.Release|Any CPU.ActiveCfg = Release|Any CPU
		{79045B32-6AFF-4418-8236-EE89F0430CFD}.Release|Any CPU.Build.0 = Release|Any CPU
		{CC8B3F91-F8EA-4C82-8126-37B230B91BBD}.Debug|Any CPU.ActiveCfg = Debug|Any CPU
		{CC8B3F91-F8EA-4C82-8126-37B230B91BBD}.Debug|Any CPU.Build.0 = Debug|Any CPU
		{CC8B3F91-F8EA-4C82-8126-37B230B91BBD}.Release|Any CPU.ActiveCfg = Release|Any CPU
		{CC8B3F91-F8EA-4C82-8126-37B230B91BBD}.Release|Any CPU.Build.0 = Release|Any CPU
		{0BA1C14A-B63A-45BD-AFE7-CA35D52D801E}.Debug|Any CPU.ActiveCfg = Debug|Any CPU
		{0BA1C14A-B63A-45BD-AFE7-CA35D52D801E}.Debug|Any CPU.Build.0 = Debug|Any CPU
		{0BA1C14A-B63A-45BD-AFE7-CA35D52D801E}.Release|Any CPU.ActiveCfg = Release|Any CPU
		{0BA1C14A-B63A-45BD-AFE7-CA35D52D801E}.Release|Any CPU.Build.0 = Release|Any CPU
		{E48E8E78-D351-46B5-BC48-C4C82D2CD998}.Debug|Any CPU.ActiveCfg = Debug|Any CPU
		{E48E8E78-D351-46B5-BC48-C4C82D2CD998}.Debug|Any CPU.Build.0 = Debug|Any CPU
		{E48E8E78-D351-46B5-BC48-C4C82D2CD998}.Release|Any CPU.ActiveCfg = Release|Any CPU
		{E48E8E78-D351-46B5-BC48-C4C82D2CD998}.Release|Any CPU.Build.0 = Release|Any CPU
		{BBCB33C3-B583-4C7C-AA7B-D3F3ABF9304A}.Debug|Any CPU.ActiveCfg = Debug|Any CPU
		{BBCB33C3-B583-4C7C-AA7B-D3F3ABF9304A}.Debug|Any CPU.Build.0 = Debug|Any CPU
		{BBCB33C3-B583-4C7C-AA7B-D3F3ABF9304A}.Release|Any CPU.ActiveCfg = Release|Any CPU
		{BBCB33C3-B583-4C7C-AA7B-D3F3ABF9304A}.Release|Any CPU.Build.0 = Release|Any CPU
		{3D988AF7-2E86-4AA0-9CB4-DFEC89548D9C}.Debug|Any CPU.ActiveCfg = Debug|Any CPU
		{3D988AF7-2E86-4AA0-9CB4-DFEC89548D9C}.Debug|Any CPU.Build.0 = Debug|Any CPU
		{3D988AF7-2E86-4AA0-9CB4-DFEC89548D9C}.Release|Any CPU.ActiveCfg = Release|Any CPU
		{3D988AF7-2E86-4AA0-9CB4-DFEC89548D9C}.Release|Any CPU.Build.0 = Release|Any CPU
		{AFA0EBEE-CC1B-402A-8357-17E9AC5D2385}.Debug|Any CPU.ActiveCfg = Debug|Any CPU
		{AFA0EBEE-CC1B-402A-8357-17E9AC5D2385}.Debug|Any CPU.Build.0 = Debug|Any CPU
		{AFA0EBEE-CC1B-402A-8357-17E9AC5D2385}.Release|Any CPU.ActiveCfg = Release|Any CPU
		{AFA0EBEE-CC1B-402A-8357-17E9AC5D2385}.Release|Any CPU.Build.0 = Release|Any CPU
		{EDD94978-8A6A-448C-8384-28AEFAAE1AAB}.Debug|Any CPU.ActiveCfg = Debug|Any CPU
		{EDD94978-8A6A-448C-8384-28AEFAAE1AAB}.Debug|Any CPU.Build.0 = Debug|Any CPU
		{EDD94978-8A6A-448C-8384-28AEFAAE1AAB}.Release|Any CPU.ActiveCfg = Release|Any CPU
		{EDD94978-8A6A-448C-8384-28AEFAAE1AAB}.Release|Any CPU.Build.0 = Release|Any CPU
		{FEDC7CCC-E2EB-437E-BC47-E7F58521654E}.Debug|Any CPU.ActiveCfg = Debug|Any CPU
		{FEDC7CCC-E2EB-437E-BC47-E7F58521654E}.Debug|Any CPU.Build.0 = Debug|Any CPU
		{FEDC7CCC-E2EB-437E-BC47-E7F58521654E}.Release|Any CPU.ActiveCfg = Release|Any CPU
		{FEDC7CCC-E2EB-437E-BC47-E7F58521654E}.Release|Any CPU.Build.0 = Release|Any CPU
		{DF799FC1-FA48-419B-8D43-CD016C4B9DF6}.Debug|Any CPU.ActiveCfg = Debug|Any CPU
		{DF799FC1-FA48-419B-8D43-CD016C4B9DF6}.Debug|Any CPU.Build.0 = Debug|Any CPU
		{DF799FC1-FA48-419B-8D43-CD016C4B9DF6}.Release|Any CPU.ActiveCfg = Release|Any CPU
		{DF799FC1-FA48-419B-8D43-CD016C4B9DF6}.Release|Any CPU.Build.0 = Release|Any CPU
		{EB74C530-BA89-46F7-95E0-F595443651B0}.Debug|Any CPU.ActiveCfg = Debug|Any CPU
		{EB74C530-BA89-46F7-95E0-F595443651B0}.Debug|Any CPU.Build.0 = Debug|Any CPU
		{EB74C530-BA89-46F7-95E0-F595443651B0}.Release|Any CPU.ActiveCfg = Release|Any CPU
		{EB74C530-BA89-46F7-95E0-F595443651B0}.Release|Any CPU.Build.0 = Release|Any CPU
		{6C055924-05C5-4602-BD56-A95EB7B070EA}.Debug|Any CPU.ActiveCfg = Debug|Any CPU
		{6C055924-05C5-4602-BD56-A95EB7B070EA}.Debug|Any CPU.Build.0 = Debug|Any CPU
		{6C055924-05C5-4602-BD56-A95EB7B070EA}.Release|Any CPU.ActiveCfg = Release|Any CPU
		{6C055924-05C5-4602-BD56-A95EB7B070EA}.Release|Any CPU.Build.0 = Release|Any CPU
		{391FBB97-254F-4AB5-899E-695EB0C492E7}.Debug|Any CPU.ActiveCfg = Debug|Any CPU
		{391FBB97-254F-4AB5-899E-695EB0C492E7}.Debug|Any CPU.Build.0 = Debug|Any CPU
		{391FBB97-254F-4AB5-899E-695EB0C492E7}.Release|Any CPU.ActiveCfg = Debug|Any CPU
		{391FBB97-254F-4AB5-899E-695EB0C492E7}.Release|Any CPU.Build.0 = Debug|Any CPU
		{665D0F17-1210-4DE1-90F4-091AA8E008B1}.Debug|Any CPU.ActiveCfg = Debug|Any CPU
		{665D0F17-1210-4DE1-90F4-091AA8E008B1}.Debug|Any CPU.Build.0 = Debug|Any CPU
		{665D0F17-1210-4DE1-90F4-091AA8E008B1}.Release|Any CPU.ActiveCfg = Release|Any CPU
		{665D0F17-1210-4DE1-90F4-091AA8E008B1}.Release|Any CPU.Build.0 = Release|Any CPU
		{A67A46AE-1DBA-41AF-9872-E36C1572C0AD}.Debug|Any CPU.ActiveCfg = Debug|Any CPU
		{A67A46AE-1DBA-41AF-9872-E36C1572C0AD}.Debug|Any CPU.Build.0 = Debug|Any CPU
		{A67A46AE-1DBA-41AF-9872-E36C1572C0AD}.Release|Any CPU.ActiveCfg = Release|Any CPU
		{A67A46AE-1DBA-41AF-9872-E36C1572C0AD}.Release|Any CPU.Build.0 = Release|Any CPU
	EndGlobalSection
EndGlobal
